
Microsoft Visual Studio Solution File, Format Version 12.00
# Visual Studio 14
VisualStudioVersion = 14.0.25420.1
MinimumVisualStudioVersion = 10.0.40219.1
Project("{FAE04EC0-301F-11D3-BF4B-00C04F79EFBC}") = "LogAggregator", "LogAggregator\LogAggregator.csproj", "{3E0DA66D-127E-4D49-A9C7-7B537FB38DDE}"
EndProject
Project("{FAE04EC0-301F-11D3-BF4B-00C04F79EFBC}") = "LogAggregator.Test", "LogAggregator.Test\LogAggregator.Test.csproj", "{A66B0F58-3111-432C-8614-1A0E0CD3D5EB}"
EndProject
Global
	GlobalSection(SolutionConfigurationPlatforms) = preSolution
		Debug|Any CPU = Debug|Any CPU
		Release|Any CPU = Release|Any CPU
	EndGlobalSection
	GlobalSection(ProjectConfigurationPlatforms) = postSolution
		{3E0DA66D-127E-4D49-A9C7-7B537FB38DDE}.Debug|Any CPU.ActiveCfg = Debug|Any CPU
		{3E0DA66D-127E-4D49-A9C7-7B537FB38DDE}.Debug|Any CPU.Build.0 = Debug|Any CPU
		{3E0DA66D-127E-4D49-A9C7-7B537FB38DDE}.Release|Any CPU.ActiveCfg = Release|Any CPU
		{3E0DA66D-127E-4D49-A9C7-7B537FB38DDE}.Release|Any CPU.Build.0 = Release|Any CPU
		{A66B0F58-3111-432C-8614-1A0E0CD3D5EB}.Debug|Any CPU.ActiveCfg = Debug|Any CPU
		{A66B0F58-3111-432C-8614-1A0E0CD3D5EB}.Debug|Any CPU.Build.0 = Debug|Any CPU
		{A66B0F58-3111-432C-8614-1A0E0CD3D5EB}.Release|Any CPU.ActiveCfg = Release|Any CPU
		{A66B0F58-3111-432C-8614-1A0E0CD3D5EB}.Release|Any CPU.Build.0 = Release|Any CPU
	EndGlobalSection
	GlobalSection(SolutionProperties) = preSolution
		HideSolutionNode = FALSE
	EndGlobalSection
EndGlobal
